
Microsoft Visual Studio Solution File, Format Version 12.00
# Visual Studio 15
VisualStudioVersion = 15.0.27703.2042
MinimumVisualStudioVersion = 10.0.40219.1
Project("{9A19103F-16F7-4668-BE54-9A1E7A4F7556}") = "LzLeague.App", "LzLeague.App\LzLeague.App.csproj", "{4B404459-C348-43C2-9BD8-7B5E2D83A3EE}"
EndProject
Project("{9A19103F-16F7-4668-BE54-9A1E7A4F7556}") = "LzLeague.Data", "LzLeague.Data\LzLeague.Data.csproj", "{86030DFC-9D86-4C28-AC7C-9671898D4BEB}"
EndProject
Project("{9A19103F-16F7-4668-BE54-9A1E7A4F7556}") = "LzLeague.Models", "LzLeague.Models\LzLeague.Models.csproj", "{C5325089-E63D-4073-AFF5-F68688373B2C}"
EndProject
Project("{9A19103F-16F7-4668-BE54-9A1E7A4F7556}") = "LzLeague.Services", "LzLeague.Services\LzLeague.Services.csproj", "{24960062-A4A9-4197-8D06-9FCB934DBDF4}"
EndProject
Project("{FAE04EC0-301F-11D3-BF4B-00C04F79EFBC}") = "LzLeague.Common", "LzLeague.Common\LzLeague.Common.csproj", "{100DFC68-AAAA-4DA0-AD63-B9127604956D}"
EndProject
Global
	GlobalSection(SolutionConfigurationPlatforms) = preSolution
		Debug|Any CPU = Debug|Any CPU
		Release|Any CPU = Release|Any CPU
	EndGlobalSection
	GlobalSection(ProjectConfigurationPlatforms) = postSolution
		{4B404459-C348-43C2-9BD8-7B5E2D83A3EE}.Debug|Any CPU.ActiveCfg = Debug|Any CPU
		{4B404459-C348-43C2-9BD8-7B5E2D83A3EE}.Debug|Any CPU.Build.0 = Debug|Any CPU
		{4B404459-C348-43C2-9BD8-7B5E2D83A3EE}.Release|Any CPU.ActiveCfg = Release|Any CPU
		{4B404459-C348-43C2-9BD8-7B5E2D83A3EE}.Release|Any CPU.Build.0 = Release|Any CPU
		{86030DFC-9D86-4C28-AC7C-9671898D4BEB}.Debug|Any CPU.ActiveCfg = Debug|Any CPU
		{86030DFC-9D86-4C28-AC7C-9671898D4BEB}.Debug|Any CPU.Build.0 = Debug|Any CPU
		{86030DFC-9D86-4C28-AC7C-9671898D4BEB}.Release|Any CPU.ActiveCfg = Release|Any CPU
		{86030DFC-9D86-4C28-AC7C-9671898D4BEB}.Release|Any CPU.Build.0 = Release|Any CPU
		{C5325089-E63D-4073-AFF5-F68688373B2C}.Debug|Any CPU.ActiveCfg = Debug|Any CPU
		{C5325089-E63D-4073-AFF5-F68688373B2C}.Debug|Any CPU.Build.0 = Debug|Any CPU
		{C5325089-E63D-4073-AFF5-F68688373B2C}.Release|Any CPU.ActiveCfg = Release|Any CPU
		{C5325089-E63D-4073-AFF5-F68688373B2C}.Release|Any CPU.Build.0 = Release|Any CPU
		{24960062-A4A9-4197-8D06-9FCB934DBDF4}.Debug|Any CPU.ActiveCfg = Debug|Any CPU
		{24960062-A4A9-4197-8D06-9FCB934DBDF4}.Debug|Any CPU.Build.0 = Debug|Any CPU
		{24960062-A4A9-4197-8D06-9FCB934DBDF4}.Release|Any CPU.ActiveCfg = Release|Any CPU
		{24960062-A4A9-4197-8D06-9FCB934DBDF4}.Release|Any CPU.Build.0 = Release|Any CPU
		{100DFC68-AAAA-4DA0-AD63-B9127604956D}.Debug|Any CPU.ActiveCfg = Debug|Any CPU
		{100DFC68-AAAA-4DA0-AD63-B9127604956D}.Debug|Any CPU.Build.0 = Debug|Any CPU
		{100DFC68-AAAA-4DA0-AD63-B9127604956D}.Release|Any CPU.ActiveCfg = Release|Any CPU
		{100DFC68-AAAA-4DA0-AD63-B9127604956D}.Release|Any CPU.Build.0 = Release|Any CPU
	EndGlobalSection
	GlobalSection(SolutionProperties) = preSolution
		HideSolutionNode = FALSE
	EndGlobalSection
	GlobalSection(ExtensibilityGlobals) = postSolution
		SolutionGuid = {DFC18809-C359-4734-B454-79714165DD8E}
	EndGlobalSection
EndGlobal
